
Microsoft Visual Studio Solution File, Format Version 12.00
# Visual Studio 15
VisualStudioVersion = 15.0.27004.2009
MinimumVisualStudioVersion = 10.0.40219.1
Project("{FAE04EC0-301F-11D3-BF4B-00C04F79EFBC}") = "MvCHelloWorld", "MvCHelloWorld\MvCHelloWorld.csproj", "{32C99DBF-C053-4DCA-AFD0-BC27F1E1D4B4}"
EndProject
Global
	GlobalSection(SolutionConfigurationPlatforms) = preSolution
		Debug|Any CPU = Debug|Any CPU
		Release|Any CPU = Release|Any CPU
	EndGlobalSection
	GlobalSection(ProjectConfigurationPlatforms) = postSolution
		{32C99DBF-C053-4DCA-AFD0-BC27F1E1D4B4}.Debug|Any CPU.ActiveCfg = Debug|Any CPU
		{32C99DBF-C053-4DCA-AFD0-BC27F1E1D4B4}.Debug|Any CPU.Build.0 = Debug|Any CPU
		{32C99DBF-C053-4DCA-AFD0-BC27F1E1D4B4}.Release|Any CPU.ActiveCfg = Release|Any CPU
		{32C99DBF-C053-4DCA-AFD0-BC27F1E1D4B4}.Release|Any CPU.Build.0 = Release|Any CPU
	EndGlobalSection
	GlobalSection(SolutionProperties) = preSolution
		HideSolutionNode = FALSE
	EndGlobalSection
	GlobalSection(ExtensibilityGlobals) = postSolution
		SolutionGuid = {9103145B-7327-446A-AA46-F08A6550D52B}
	EndGlobalSection
EndGlobal
